
Microsoft Visual Studio Solution File, Format Version 12.00
# Visual Studio Version 16
VisualStudioVersion = 16.0.29509.3
MinimumVisualStudioVersion = 10.0.40219.1
Project("{FAE04EC0-301F-11D3-BF4B-00C04F79EFBC}") = "DataStructures-IMS", "DataStructures-IMS.csproj", "{7CF984DE-4B1F-45BF-BDBC-C5D0B4032CCE}"
EndProject
Global
	GlobalSection(SolutionConfigurationPlatforms) = preSolution
		Debug|Any CPU = Debug|Any CPU
		Release|Any CPU = Release|Any CPU
	EndGlobalSection
	GlobalSection(ProjectConfigurationPlatforms) = postSolution
		{7CF984DE-4B1F-45BF-BDBC-C5D0B4032CCE}.Debug|Any CPU.ActiveCfg = Debug|Any CPU
		{7CF984DE-4B1F-45BF-BDBC-C5D0B4032CCE}.Debug|Any CPU.Build.0 = Debug|Any CPU
		{7CF984DE-4B1F-45BF-BDBC-C5D0B4032CCE}.Release|Any CPU.ActiveCfg = Release|Any CPU
		{7CF984DE-4B1F-45BF-BDBC-C5D0B4032CCE}.Release|Any CPU.Build.0 = Release|Any CPU
	EndGlobalSection
	GlobalSection(SolutionProperties) = preSolution
		HideSolutionNode = FALSE
	EndGlobalSection
	GlobalSection(ExtensibilityGlobals) = postSolution
		SolutionGuid = {CD5C1D26-1459-4846-8271-E227A56BC161}
	EndGlobalSection
EndGlobal
