
Microsoft Visual Studio Solution File, Format Version 12.00
# Visual Studio Version 16
VisualStudioVersion = 16.0.29509.3
MinimumVisualStudioVersion = 10.0.40219.1
Project("{FAE04EC0-301F-11D3-BF4B-00C04F79EFBC}") = "SortItOut-DSPS", "SortItOut-DSPS.csproj", "{89679055-4715-4D53-845A-CF708DEB3281}"
EndProject
Global
	GlobalSection(SolutionConfigurationPlatforms) = preSolution
		Debug|Any CPU = Debug|Any CPU
		Release|Any CPU = Release|Any CPU
	EndGlobalSection
	GlobalSection(ProjectConfigurationPlatforms) = postSolution
		{89679055-4715-4D53-845A-CF708DEB3281}.Debug|Any CPU.ActiveCfg = Debug|Any CPU
		{89679055-4715-4D53-845A-CF708DEB3281}.Debug|Any CPU.Build.0 = Debug|Any CPU
		{89679055-4715-4D53-845A-CF708DEB3281}.Release|Any CPU.ActiveCfg = Release|Any CPU
		{89679055-4715-4D53-845A-CF708DEB3281}.Release|Any CPU.Build.0 = Release|Any CPU
	EndGlobalSection
	GlobalSection(SolutionProperties) = preSolution
		HideSolutionNode = FALSE
	EndGlobalSection
	GlobalSection(ExtensibilityGlobals) = postSolution
		SolutionGuid = {CFC1ECB7-82D9-4C01-B6AB-5F33DBCEA26F}
	EndGlobalSection
EndGlobal
