
Microsoft Visual Studio Solution File, Format Version 12.00
# Visual Studio Version 16
VisualStudioVersion = 16.0.29509.3
MinimumVisualStudioVersion = 10.0.40219.1
Project("{FAE04EC0-301F-11D3-BF4B-00C04F79EFBC}") = "Recursion-DSPS", "Recursion-DSPS.csproj", "{1A38924F-E056-425B-908C-E91640C02180}"
EndProject
Global
	GlobalSection(SolutionConfigurationPlatforms) = preSolution
		Debug|Any CPU = Debug|Any CPU
		Release|Any CPU = Release|Any CPU
	EndGlobalSection
	GlobalSection(ProjectConfigurationPlatforms) = postSolution
		{1A38924F-E056-425B-908C-E91640C02180}.Debug|Any CPU.ActiveCfg = Debug|Any CPU
		{1A38924F-E056-425B-908C-E91640C02180}.Debug|Any CPU.Build.0 = Debug|Any CPU
		{1A38924F-E056-425B-908C-E91640C02180}.Release|Any CPU.ActiveCfg = Release|Any CPU
		{1A38924F-E056-425B-908C-E91640C02180}.Release|Any CPU.Build.0 = Release|Any CPU
	EndGlobalSection
	GlobalSection(SolutionProperties) = preSolution
		HideSolutionNode = FALSE
	EndGlobalSection
	GlobalSection(ExtensibilityGlobals) = postSolution
		SolutionGuid = {0E422E47-8687-4E2F-9C61-52520648D468}
	EndGlobalSection
EndGlobal
